// !$*UTF8*$!
{
	archiveVersion = 1;
	classes = {
	};
	objectVersion = 56;
	objects = {

/* Begin PBXBuildFile section */
		8743E9E029D420420037F97A /* AppDelegate.swift in Sources */ = {isa = PBXBuildFile; fileRef = 8743E9DF29D420420037F97A /* AppDelegate.swift */; };
		8743E9E229D420420037F97A /* SceneDelegate.swift in Sources */ = {isa = PBXBuildFile; fileRef = 8743E9E129D420420037F97A /* SceneDelegate.swift */; };
		8743E9E429D420420037F97A /* ViewController.swift in Sources */ = {isa = PBXBuildFile; fileRef = 8743E9E329D420420037F97A /* ViewController.swift */; };
		8743E9E729D420420037F97A /* Main.storyboard in Resources */ = {isa = PBXBuildFile; fileRef = 8743E9E529D420420037F97A /* Main.storyboard */; };
		8743E9E929D420430037F97A /* Assets.xcassets in Resources */ = {isa = PBXBuildFile; fileRef = 8743E9E829D420430037F97A /* Assets.xcassets */; };
		8743E9EC29D420430037F97A /* LaunchScreen.storyboard in Resources */ = {isa = PBXBuildFile; fileRef = 8743E9EA29D420430037F97A /* LaunchScreen.storyboard */; };
		8743E9F429D42CD90037F97A /* DebitView.swift in Sources */ = {isa = PBXBuildFile; fileRef = 8743E9F329D42CD90037F97A /* DebitView.swift */; };
		8743E9F629D42D110037F97A /* BaseView.swift in Sources */ = {isa = PBXBuildFile; fileRef = 8743E9F529D42D110037F97A /* BaseView.swift */; };
		8743E9F829D42DDA0037F97A /* UIView+.swift in Sources */ = {isa = PBXBuildFile; fileRef = 8743E9F729D42DDA0037F97A /* UIView+.swift */; };
		8743E9FA29D42E780037F97A /* CGFloat+.swift in Sources */ = {isa = PBXBuildFile; fileRef = 8743E9F929D42E780037F97A /* CGFloat+.swift */; };
		8743E9FC29D4332D0037F97A /* DetailViewController.swift in Sources */ = {isa = PBXBuildFile; fileRef = 8743E9FB29D4332D0037F97A /* DetailViewController.swift */; };
/* End PBXBuildFile section */

/* Begin PBXFileReference section */
		8743E9DC29D420420037F97A /* UISheetPresentController.app */ = {isa = PBXFileReference; explicitFileType = wrapper.application; includeInIndex = 0; path = UISheetPresentController.app; sourceTree = BUILT_PRODUCTS_DIR; };
		8743E9DF29D420420037F97A /* AppDelegate.swift */ = {isa = PBXFileReference; lastKnownFileType = sourcecode.swift; path = AppDelegate.swift; sourceTree = "<group>"; };
		8743E9E129D420420037F97A /* SceneDelegate.swift */ = {isa = PBXFileReference; lastKnownFileType = sourcecode.swift; path = SceneDelegate.swift; sourceTree = "<group>"; };
		8743E9E329D420420037F97A /* ViewController.swift */ = {isa = PBXFileReference; lastKnownFileType = sourcecode.swift; path = ViewController.swift; sourceTree = "<group>"; };
		8743E9E629D420420037F97A /* Base */ = {isa = PBXFileReference; lastKnownFileType = file.storyboard; name = Base; path = Base.lproj/Main.storyboard; sourceTree = "<group>"; };
		8743E9E829D420430037F97A /* Assets.xcassets */ = {isa = PBXFileReference; lastKnownFileType = folder.assetcatalog; path = Assets.xcassets; sourceTree = "<group>"; };
		8743E9EB29D420430037F97A /* Base */ = {isa = PBXFileReference; lastKnownFileType = file.storyboard; name = Base; path = Base.lproj/LaunchScreen.storyboard; sourceTree = "<group>"; };
		8743E9ED29D420430037F97A /* Info.plist */ = {isa = PBXFileReference; lastKnownFileType = text.plist.xml; path = Info.plist; sourceTree = "<group>"; };
		8743E9F329D42CD90037F97A /* DebitView.swift */ = {isa = PBXFileReference; lastKnownFileType = sourcecode.swift; path = DebitView.swift; sourceTree = "<group>"; };
		8743E9F529D42D110037F97A /* BaseView.swift */ = {isa = PBXFileReference; lastKnownFileType = sourcecode.swift; path = BaseView.swift; sourceTree = "<group>"; };
		8743E9F729D42DDA0037F97A /* UIView+.swift */ = {isa = PBXFileReference; lastKnownFileType = sourcecode.swift; path = "UIView+.swift"; sourceTree = "<group>"; };
		8743E9F929D42E780037F97A /* CGFloat+.swift */ = {isa = PBXFileReference; lastKnownFileType = sourcecode.swift; path = "CGFloat+.swift"; sourceTree = "<group>"; };
		8743E9FB29D4332D0037F97A /* DetailViewController.swift */ = {isa = PBXFileReference; lastKnownFileType = sourcecode.swift; path = DetailViewController.swift; sourceTree = "<group>"; };
/* End PBXFileReference section */

/* Begin PBXFrameworksBuildPhase section */
		8743E9D929D420420037F97A /* Frameworks */ = {
			isa = PBXFrameworksBuildPhase;
			buildActionMask = 2147483647;
			files = (
			);
			runOnlyForDeploymentPostprocessing = 0;
		};
/* End PBXFrameworksBuildPhase section */

/* Begin PBXGroup section */
		8743E9D329D420420037F97A = {
			isa = PBXGroup;
			children = (
				8743E9DE29D420420037F97A /* UISheetPresentController */,
				8743E9DD29D420420037F97A /* Products */,
			);
			sourceTree = "<group>";
		};
		8743E9DD29D420420037F97A /* Products */ = {
			isa = PBXGroup;
			children = (
				8743E9DC29D420420037F97A /* UISheetPresentController.app */,
			);
			name = Products;
			sourceTree = "<group>";
		};
		8743E9DE29D420420037F97A /* UISheetPresentController */ = {
			isa = PBXGroup;
			children = (
				8743E9DF29D420420037F97A /* AppDelegate.swift */,
				8743E9E129D420420037F97A /* SceneDelegate.swift */,
				8743E9E329D420420037F97A /* ViewController.swift */,
				8743E9FB29D4332D0037F97A /* DetailViewController.swift */,
				8743E9E529D420420037F97A /* Main.storyboard */,
				8743E9E829D420430037F97A /* Assets.xcassets */,
				8743E9EA29D420430037F97A /* LaunchScreen.storyboard */,
				8743E9ED29D420430037F97A /* Info.plist */,
				8743E9F329D42CD90037F97A /* DebitView.swift */,
				8743E9F529D42D110037F97A /* BaseView.swift */,
				8743E9F729D42DDA0037F97A /* UIView+.swift */,
				8743E9F929D42E780037F97A /* CGFloat+.swift */,
			);
			path = UISheetPresentController;
			sourceTree = "<group>";
		};
/* End PBXGroup section */

/* Begin PBXNativeTarget section */
		8743E9DB29D420420037F97A /* UISheetPresentController */ = {
			isa = PBXNativeTarget;
			buildConfigurationList = 8743E9F029D420430037F97A /* Build configuration list for PBXNativeTarget "UISheetPresentController" */;
			buildPhases = (
				8743E9D829D420420037F97A /* Sources */,
				8743E9D929D420420037F97A /* Frameworks */,
				8743E9DA29D420420037F97A /* Resources */,
			);
			buildRules = (
			);
			dependencies = (
			);
			name = UISheetPresentController;
			productName = UISheetPresentController;
			productReference = 8743E9DC29D420420037F97A /* UISheetPresentController.app */;
			productType = "com.apple.product-type.application";
		};
/* End PBXNativeTarget section */

/* Begin PBXProject section */
		8743E9D429D420420037F97A /* Project object */ = {
			isa = PBXProject;
			attributes = {
				BuildIndependentTargetsInParallel = 1;
				LastSwiftUpdateCheck = 1420;
				LastUpgradeCheck = 1420;
				TargetAttributes = {
					8743E9DB29D420420037F97A = {
						CreatedOnToolsVersion = 14.2;
					};
				};
			};
			buildConfigurationList = 8743E9D729D420420037F97A /* Build configuration list for PBXProject "UISheetPresentController" */;
			compatibilityVersion = "Xcode 14.0";
			developmentRegion = en;
			hasScannedForEncodings = 0;
			knownRegions = (
				en,
				Base,
			);
			mainGroup = 8743E9D329D420420037F97A;
			productRefGroup = 8743E9DD29D420420037F97A /* Products */;
			projectDirPath = "";
			projectRoot = "";
			targets = (
				8743E9DB29D420420037F97A /* UISheetPresentController */,
			);
		};
/* End PBXProject section */

/* Begin PBXResourcesBuildPhase section */
		8743E9DA29D420420037F97A /* Resources */ = {
			isa = PBXResourcesBuildPhase;
			buildActionMask = 2147483647;
			files = (
				8743E9EC29D420430037F97A /* LaunchScreen.storyboard in Resources */,
				8743E9E929D420430037F97A /* Assets.xcassets in Resources */,
				8743E9E729D420420037F97A /* Main.storyboard in Resources */,
			);
			runOnlyForDeploymentPostprocessing = 0;
		};
/* End PBXResourcesBuildPhase section */

/* Begin PBXSourcesBuildPhase section */
		8743E9D829D420420037F97A /* Sources */ = {
			isa = PBXSourcesBuildPhase;
			buildActionMask = 2147483647;
			files = (
				8743E9F829D42DDA0037F97A /* UIView+.swift in Sources */,
				8743E9E429D420420037F97A /* ViewController.swift in Sources */,
				8743E9F429D42CD90037F97A /* DebitView.swift in Sources */,
				8743E9F629D42D110037F97A /* BaseView.swift in Sources */,
				8743E9E029D420420037F97A /* AppDelegate.swift in Sources */,
				8743E9FA29D42E780037F97A /* CGFloat+.swift in Sources */,
				8743E9E229D420420037F97A /* SceneDelegate.swift in Sources */,
				8743E9FC29D4332D0037F97A /* DetailViewController.swift in Sources */,
			);
			runOnlyForDeploymentPostprocessing = 0;
		};
/* End PBXSourcesBuildPhase section */

/* Begin PBXVariantGroup section */
		8743E9E529D420420037F97A /* Main.storyboard */ = {
			isa = PBXVariantGroup;
			children = (
				8743E9E629D420420037F97A /* Base */,
			);
			name = Main.storyboard;
			sourceTree = "<group>";
		};
		8743E9EA29D420430037F97A /* LaunchScreen.storyboard */ = {
			isa = PBXVariantGroup;
			children = (
				8743E9EB29D420430037F97A /* Base */,
			);
			name = LaunchScreen.storyboard;
			sourceTree = "<group>";
		};
/* End PBXVariantGroup section */

/* Begin XCBuildConfiguration section */
		8743E9EE29D420430037F97A /* Debug */ = {
			isa = XCBuildConfiguration;
			buildSettings = {
				ALWAYS_SEARCH_USER_PATHS = NO;
				CLANG_ANALYZER_NONNULL = YES;
				CLANG_ANALYZER_NUMBER_OBJECT_CONVERSION = YES_AGGRESSIVE;
				CLANG_CXX_LANGUAGE_STANDARD = "gnu++20";
				CLANG_ENABLE_MODULES = YES;
				CLANG_ENABLE_OBJC_ARC = YES;
				CLANG_ENABLE_OBJC_WEAK = YES;
				CLANG_WARN_BLOCK_CAPTURE_AUTORELEASING = YES;
				CLANG_WARN_BOOL_CONVERSION = YES;
				CLANG_WARN_COMMA = YES;
				CLANG_WARN_CONSTANT_CONVERSION = YES;
				CLANG_WARN_DEPRECATED_OBJC_IMPLEMENTATIONS = YES;
				CLANG_WARN_DIRECT_OBJC_ISA_USAGE = YES_ERROR;
				CLANG_WARN_DOCUMENTATION_COMMENTS = YES;
				CLANG_WARN_EMPTY_BODY = YES;
				CLANG_WARN_ENUM_CONVERSION = YES;
				CLANG_WARN_INFINITE_RECURSION = YES;
				CLANG_WARN_INT_CONVERSION = YES;
				CLANG_WARN_NON_LITERAL_NULL_CONVERSION = YES;
				CLANG_WARN_OBJC_IMPLICIT_RETAIN_SELF = YES;
				CLANG_WARN_OBJC_LITERAL_CONVERSION = YES;
				CLANG_WARN_OBJC_ROOT_CLASS = YES_ERROR;
				CLANG_WARN_QUOTED_INCLUDE_IN_FRAMEWORK_HEADER = YES;
				CLANG_WARN_RANGE_LOOP_ANALYSIS = YES;
				CLANG_WARN_STRICT_PROTOTYPES = YES;
				CLANG_WARN_SUSPICIOUS_MOVE = YES;
				CLANG_WARN_UNGUARDED_AVAILABILITY = YES_AGGRESSIVE;
				CLANG_WARN_UNREACHABLE_CODE = YES;
				CLANG_WARN__DUPLICATE_METHOD_MATCH = YES;
				COPY_PHASE_STRIP = NO;
				DEBUG_INFORMATION_FORMAT = dwarf;
				ENABLE_STRICT_OBJC_MSGSEND = YES;
				ENABLE_TESTABILITY = YES;
				GCC_C_LANGUAGE_STANDARD = gnu11;
				GCC_DYNAMIC_NO_PIC = NO;
				GCC_NO_COMMON_BLOCKS = YES;
				GCC_OPTIMIZATION_LEVEL = 0;
				GCC_PREPROCESSOR_DEFINITIONS = (
					"DEBUG=1",
					"$(inherited)",
				);
				GCC_WARN_64_TO_32_BIT_CONVERSION = YES;
				GCC_WARN_ABOUT_RETURN_TYPE = YES_ERROR;
				GCC_WARN_UNDECLARED_SELECTOR = YES;
				GCC_WARN_UNINITIALIZED_AUTOS = YES_AGGRESSIVE;
				GCC_WARN_UNUSED_FUNCTION = YES;
				GCC_WARN_UNUSED_VARIABLE = YES;
				IPHONEOS_DEPLOYMENT_TARGET = 16.2;
				MTL_ENABLE_DEBUG_INFO = INCLUDE_SOURCE;
				MTL_FAST_MATH = YES;
				ONLY_ACTIVE_ARCH = YES;
				SDKROOT = iphoneos;
				SWIFT_ACTIVE_COMPILATION_CONDITIONS = DEBUG;
				SWIFT_OPTIMIZATION_LEVEL = "-Onone";
			};
			name = Debug;
		};
		8743E9EF29D420430037F97A /* Release */ = {
			isa = XCBuildConfiguration;
			buildSettings = {
				ALWAYS_SEARCH_USER_PATHS = NO;
				CLANG_ANALYZER_NONNULL = YES;
				CLANG_ANALYZER_NUMBER_OBJECT_CONVERSION = YES_AGGRESSIVE;
				CLANG_CXX_LANGUAGE_STANDARD = "gnu++20";
				CLANG_ENABLE_MODULES = YES;
				CLANG_ENABLE_OBJC_ARC = YES;
				CLANG_ENABLE_OBJC_WEAK = YES;
				CLANG_WARN_BLOCK_CAPTURE_AUTORELEASING = YES;
				CLANG_WARN_BOOL_CONVERSION = YES;
				CLANG_WARN_COMMA = YES;
				CLANG_WARN_CONSTANT_CONVERSION = YES;
				CLANG_WARN_DEPRECATED_OBJC_IMPLEMENTATIONS = YES;
				CLANG_WARN_DIRECT_OBJC_ISA_USAGE = YES_ERROR;
				CLANG_WARN_DOCUMENTATION_COMMENTS = YES;
				CLANG_WARN_EMPTY_BODY = YES;
				CLANG_WARN_ENUM_CONVERSION = YES;
				CLANG_WARN_INFINITE_RECURSION = YES;
				CLANG_WARN_INT_CONVERSION = YES;
				CLANG_WARN_NON_LITERAL_NULL_CONVERSION = YES;
				CLANG_WARN_OBJC_IMPLICIT_RETAIN_SELF = YES;
				CLANG_WARN_OBJC_LITERAL_CONVERSION = YES;
				CLANG_WARN_OBJC_ROOT_CLASS = YES_ERROR;
				CLANG_WARN_QUOTED_INCLUDE_IN_FRAMEWORK_HEADER = YES;
				CLANG_WARN_RANGE_LOOP_ANALYSIS = YES;
				CLANG_WARN_STRICT_PROTOTYPES = YES;
				CLANG_WARN_SUSPICIOUS_MOVE = YES;
				CLANG_WARN_UNGUARDED_AVAILABILITY = YES_AGGRESSIVE;
				CLANG_WARN_UNREACHABLE_CODE = YES;
				CLANG_WARN__DUPLICATE_METHOD_MATCH = YES;
				COPY_PHASE_STRIP = NO;
				DEBUG_INFORMATION_FORMAT = "dwarf-with-dsym";
				ENABLE_NS_ASSERTIONS = NO;
				ENABLE_STRICT_OBJC_MSGSEND = YES;
				GCC_C_LANGUAGE_STANDARD = gnu11;
				GCC_NO_COMMON_BLOCKS = YES;
				GCC_WARN_64_TO_32_BIT_CONVERSION = YES;
				GCC_WARN_ABOUT_RETURN_TYPE = YES_ERROR;
				GCC_WARN_UNDECLARED_SELECTOR = YES;
				GCC_WARN_UNINITIALIZED_AUTOS = YES_AGGRESSIVE;
				GCC_WARN_UNUSED_FUNCTION = YES;
				GCC_WARN_UNUSED_VARIABLE = YES;
				IPHONEOS_DEPLOYMENT_TARGET = 16.2;
				MTL_ENABLE_DEBUG_INFO = NO;
				MTL_FAST_MATH = YES;
				SDKROOT = iphoneos;
				SWIFT_COMPILATION_MODE = wholemodule;
				SWIFT_OPTIMIZATION_LEVEL = "-O";
				VALIDATE_PRODUCT = YES;
			};
			name = Release;
		};
		8743E9F129D420430037F97A /* Debug */ = {
			isa = XCBuildConfiguration;
			buildSettings = {
				ASSETCATALOG_COMPILER_APPICON_NAME = AppIcon;
				ASSETCATALOG_COMPILER_GLOBAL_ACCENT_COLOR_NAME = AccentColor;
				CODE_SIGN_STYLE = Automatic;
				CURRENT_PROJECT_VERSION = 1;
				GENERATE_INFOPLIST_FILE = YES;
				INFOPLIST_FILE = UISheetPresentController/Info.plist;
				INFOPLIST_KEY_UIApplicationSupportsIndirectInputEvents = YES;
				INFOPLIST_KEY_UILaunchStoryboardName = LaunchScreen;
				INFOPLIST_KEY_UIMainStoryboardFile = Main;
				INFOPLIST_KEY_UISupportedInterfaceOrientations_iPad = "UIInterfaceOrientationPortrait UIInterfaceOrientationPortraitUpsideDown UIInterfaceOrientationLandscapeLeft UIInterfaceOrientationLandscapeRight";
				INFOPLIST_KEY_UISupportedInterfaceOrientations_iPhone = "UIInterfaceOrientationPortrait UIInterfaceOrientationLandscapeLeft UIInterfaceOrientationLandscapeRight";
				LD_RUNPATH_SEARCH_PATHS = (
					"$(inherited)",
					"@executable_path/Frameworks",
				);
				MARKETING_VERSION = 1.0;
				PRODUCT_BUNDLE_IDENTIFIER = com.devanand.UISheetPresentController;
				PRODUCT_NAME = "$(TARGET_NAME)";
				SWIFT_EMIT_LOC_STRINGS = YES;
				SWIFT_VERSION = 5.0;
				TARGETED_DEVICE_FAMILY = "1,2";
			};
			name = Debug;
		};
		8743E9F229D420430037F97A /* Release */ = {
			isa = XCBuildConfiguration;
			buildSettings = {
				ASSETCATALOG_COMPILER_APPICON_NAME = AppIcon;
				ASSETCATALOG_COMPILER_GLOBAL_ACCENT_COLOR_NAME = AccentColor;
				CODE_SIGN_STYLE = Automatic;
				CURRENT_PROJECT_VERSION = 1;
				GENERATE_INFOPLIST_FILE = YES;
				INFOPLIST_FILE = UISheetPresentController/Info.plist;
				INFOPLIST_KEY_UIApplicationSupportsIndirectInputEvents = YES;
				INFOPLIST_KEY_UILaunchStoryboardName = LaunchScreen;
				INFOPLIST_KEY_UIMainStoryboardFile = Main;
				INFOPLIST_KEY_UISupportedInterfaceOrientations_iPad = "UIInterfaceOrientationPortrait UIInterfaceOrientationPortraitUpsideDown UIInterfaceOrientationLandscapeLeft UIInterfaceOrientationLandscapeRight";
				INFOPLIST_KEY_UISupportedInterfaceOrientations_iPhone = "UIInterfaceOrientationPortrait UIInterfaceOrientationLandscapeLeft UIInterfaceOrientationLandscapeRight";
				LD_RUNPATH_SEARCH_PATHS = (
					"$(inherited)",
					"@executable_path/Frameworks",
				);
				MARKETING_VERSION = 1.0;
				PRODUCT_BUNDLE_IDENTIFIER = com.devanand.UISheetPresentController;
				PRODUCT_NAME = "$(TARGET_NAME)";
				SWIFT_EMIT_LOC_STRINGS = YES;
				SWIFT_VERSION = 5.0;
				TARGETED_DEVICE_FAMILY = "1,2";
			};
			name = Release;
		};
/* End XCBuildConfiguration section */

/* Begin XCConfigurationList section */
		8743E9D729D420420037F97A /* Build configuration list for PBXProject "UISheetPresentController" */ = {
			isa = XCConfigurationList;
			buildConfigurations = (
				8743E9EE29D420430037F97A /* Debug */,
				8743E9EF29D420430037F97A /* Release */,
			);
			defaultConfigurationIsVisible = 0;
			defaultConfigurationName = Release;
		};
		8743E9F029D420430037F97A /* Build configuration list for PBXNativeTarget "UISheetPresentController" */ = {
			isa = XCConfigurationList;
			buildConfigurations = (
				8743E9F129D420430037F97A /* Debug */,
				8743E9F229D420430037F97A /* Release */,
			);
			defaultConfigurationIsVisible = 0;
			defaultConfigurationName = Release;
		};
/* End XCConfigurationList section */
	};
	rootObject = 8743E9D429D420420037F97A /* Project object */;
}
